
Microsoft Visual Studio Solution File, Format Version 12.00
# Visual Studio 15
VisualStudioVersion = 15.0.28307.960
MinimumVisualStudioVersion = 10.0.40219.1
Project("{FAE04EC0-301F-11D3-BF4B-00C04F79EFBC}") = "_20200324_trikampiai", "_20200324_trikampiai\_20200324_trikampiai.csproj", "{4067985E-032F-4A93-B540-1DCA7A6C85B3}"
EndProject
Global
	GlobalSection(SolutionConfigurationPlatforms) = preSolution
		Debug|Any CPU = Debug|Any CPU
		Release|Any CPU = Release|Any CPU
	EndGlobalSection
	GlobalSection(ProjectConfigurationPlatforms) = postSolution
		{4067985E-032F-4A93-B540-1DCA7A6C85B3}.Debug|Any CPU.ActiveCfg = Debug|Any CPU
		{4067985E-032F-4A93-B540-1DCA7A6C85B3}.Debug|Any CPU.Build.0 = Debug|Any CPU
		{4067985E-032F-4A93-B540-1DCA7A6C85B3}.Release|Any CPU.ActiveCfg = Release|Any CPU
		{4067985E-032F-4A93-B540-1DCA7A6C85B3}.Release|Any CPU.Build.0 = Release|Any CPU
	EndGlobalSection
	GlobalSection(SolutionProperties) = preSolution
		HideSolutionNode = FALSE
	EndGlobalSection
	GlobalSection(ExtensibilityGlobals) = postSolution
		SolutionGuid = {56E81740-1E86-4A30-B2E4-A5E914150C9C}
	EndGlobalSection
EndGlobal
