
Microsoft Visual Studio Solution File, Format Version 12.00
# Visual Studio Version 16
VisualStudioVersion = 16.0.30011.22
MinimumVisualStudioVersion = 10.0.40219.1
Project("{FAE04EC0-301F-11D3-BF4B-00C04F79EFBC}") = "_20200504_ZmonesUzklausuRasymas", "_20200504_ZmonesUzklausuRasymas\_20200504_ZmonesUzklausuRasymas.csproj", "{F06466B3-922A-44A9-B3AF-0B9737E874C0}"
EndProject
Global
	GlobalSection(SolutionConfigurationPlatforms) = preSolution
		Debug|Any CPU = Debug|Any CPU
		Release|Any CPU = Release|Any CPU
	EndGlobalSection
	GlobalSection(ProjectConfigurationPlatforms) = postSolution
		{F06466B3-922A-44A9-B3AF-0B9737E874C0}.Debug|Any CPU.ActiveCfg = Debug|Any CPU
		{F06466B3-922A-44A9-B3AF-0B9737E874C0}.Debug|Any CPU.Build.0 = Debug|Any CPU
		{F06466B3-922A-44A9-B3AF-0B9737E874C0}.Release|Any CPU.ActiveCfg = Release|Any CPU
		{F06466B3-922A-44A9-B3AF-0B9737E874C0}.Release|Any CPU.Build.0 = Release|Any CPU
	EndGlobalSection
	GlobalSection(SolutionProperties) = preSolution
		HideSolutionNode = FALSE
	EndGlobalSection
	GlobalSection(ExtensibilityGlobals) = postSolution
		SolutionGuid = {BBD5EF52-EFCD-40D4-8F70-46A3A6987826}
	EndGlobalSection
EndGlobal
