
Microsoft Visual Studio Solution File, Format Version 12.00
# Visual Studio Version 16
VisualStudioVersion = 16.0.30011.22
MinimumVisualStudioVersion = 10.0.40219.1
Project("{FAE04EC0-301F-11D3-BF4B-00C04F79EFBC}") = "_20200507_DuomenuBazes", "_20200507_DuomenuBazes\_20200507_DuomenuBazes.csproj", "{8F1B0528-97D7-45FD-A014-044C3A015F4D}"
EndProject
Global
	GlobalSection(SolutionConfigurationPlatforms) = preSolution
		Debug|Any CPU = Debug|Any CPU
		Release|Any CPU = Release|Any CPU
	EndGlobalSection
	GlobalSection(ProjectConfigurationPlatforms) = postSolution
		{8F1B0528-97D7-45FD-A014-044C3A015F4D}.Debug|Any CPU.ActiveCfg = Debug|Any CPU
		{8F1B0528-97D7-45FD-A014-044C3A015F4D}.Debug|Any CPU.Build.0 = Debug|Any CPU
		{8F1B0528-97D7-45FD-A014-044C3A015F4D}.Release|Any CPU.ActiveCfg = Release|Any CPU
		{8F1B0528-97D7-45FD-A014-044C3A015F4D}.Release|Any CPU.Build.0 = Release|Any CPU
	EndGlobalSection
	GlobalSection(SolutionProperties) = preSolution
		HideSolutionNode = FALSE
	EndGlobalSection
	GlobalSection(ExtensibilityGlobals) = postSolution
		SolutionGuid = {BAC7A624-278F-4CCF-8C4A-E8AAC614C0C7}
	EndGlobalSection
EndGlobal
