
Microsoft Visual Studio Solution File, Format Version 12.00
# Visual Studio 15
VisualStudioVersion = 15.0.28307.960
MinimumVisualStudioVersion = 10.0.40219.1
Project("{FAE04EC0-301F-11D3-BF4B-00C04F79EFBC}") = "_20200430_ExceptionHadling", "_20200430_ExceptionHadling\_20200430_ExceptionHadling.csproj", "{0C7950D0-1A9D-4FDB-8730-EC38AEE3B10F}"
EndProject
Project("{FAE04EC0-301F-11D3-BF4B-00C04F79EFBC}") = "KlaiduBiblioteka", "KlaiduBiblioteka\KlaiduBiblioteka.csproj", "{49915A79-AD6D-45C2-8A81-65BB7C6870EE}"
EndProject
Global
	GlobalSection(SolutionConfigurationPlatforms) = preSolution
		Debug|Any CPU = Debug|Any CPU
		Release|Any CPU = Release|Any CPU
	EndGlobalSection
	GlobalSection(ProjectConfigurationPlatforms) = postSolution
		{0C7950D0-1A9D-4FDB-8730-EC38AEE3B10F}.Debug|Any CPU.ActiveCfg = Debug|Any CPU
		{0C7950D0-1A9D-4FDB-8730-EC38AEE3B10F}.Debug|Any CPU.Build.0 = Debug|Any CPU
		{0C7950D0-1A9D-4FDB-8730-EC38AEE3B10F}.Release|Any CPU.ActiveCfg = Release|Any CPU
		{0C7950D0-1A9D-4FDB-8730-EC38AEE3B10F}.Release|Any CPU.Build.0 = Release|Any CPU
		{49915A79-AD6D-45C2-8A81-65BB7C6870EE}.Debug|Any CPU.ActiveCfg = Debug|Any CPU
		{49915A79-AD6D-45C2-8A81-65BB7C6870EE}.Debug|Any CPU.Build.0 = Debug|Any CPU
		{49915A79-AD6D-45C2-8A81-65BB7C6870EE}.Release|Any CPU.ActiveCfg = Release|Any CPU
		{49915A79-AD6D-45C2-8A81-65BB7C6870EE}.Release|Any CPU.Build.0 = Release|Any CPU
	EndGlobalSection
	GlobalSection(SolutionProperties) = preSolution
		HideSolutionNode = FALSE
	EndGlobalSection
	GlobalSection(ExtensibilityGlobals) = postSolution
		SolutionGuid = {9C548FB9-BD88-4741-9738-2EFC55FD63B5}
	EndGlobalSection
EndGlobal
