
Microsoft Visual Studio Solution File, Format Version 12.00
# Visual Studio 15
VisualStudioVersion = 15.0.28307.960
MinimumVisualStudioVersion = 10.0.40219.1
Project("{FAE04EC0-301F-11D3-BF4B-00C04F79EFBC}") = "_20200409_RegistracijosForma", "_20200409_RegistracijosForma\_20200409_RegistracijosForma.csproj", "{77D0DA15-B504-44A1-9187-3E2A86A9984E}"
EndProject
Global
	GlobalSection(SolutionConfigurationPlatforms) = preSolution
		Debug|Any CPU = Debug|Any CPU
		Release|Any CPU = Release|Any CPU
	EndGlobalSection
	GlobalSection(ProjectConfigurationPlatforms) = postSolution
		{77D0DA15-B504-44A1-9187-3E2A86A9984E}.Debug|Any CPU.ActiveCfg = Debug|Any CPU
		{77D0DA15-B504-44A1-9187-3E2A86A9984E}.Debug|Any CPU.Build.0 = Debug|Any CPU
		{77D0DA15-B504-44A1-9187-3E2A86A9984E}.Release|Any CPU.ActiveCfg = Release|Any CPU
		{77D0DA15-B504-44A1-9187-3E2A86A9984E}.Release|Any CPU.Build.0 = Release|Any CPU
	EndGlobalSection
	GlobalSection(SolutionProperties) = preSolution
		HideSolutionNode = FALSE
	EndGlobalSection
	GlobalSection(ExtensibilityGlobals) = postSolution
		SolutionGuid = {9CBB46F5-0968-4E1E-B566-19394C7A0DBC}
	EndGlobalSection
EndGlobal
