
Microsoft Visual Studio Solution File, Format Version 12.00
# Visual Studio 15
VisualStudioVersion = 15.0.28307.960
MinimumVisualStudioVersion = 10.0.40219.1
Project("{FAE04EC0-301F-11D3-BF4B-00C04F79EFBC}") = "_20200407_Enkapsuliacija", "_20200407_Enkapsuliacija\_20200407_Enkapsuliacija.csproj", "{B2DE08BA-4DC7-4387-8CD2-2DB49E96B583}"
EndProject
Global
	GlobalSection(SolutionConfigurationPlatforms) = preSolution
		Debug|Any CPU = Debug|Any CPU
		Release|Any CPU = Release|Any CPU
	EndGlobalSection
	GlobalSection(ProjectConfigurationPlatforms) = postSolution
		{B2DE08BA-4DC7-4387-8CD2-2DB49E96B583}.Debug|Any CPU.ActiveCfg = Debug|Any CPU
		{B2DE08BA-4DC7-4387-8CD2-2DB49E96B583}.Debug|Any CPU.Build.0 = Debug|Any CPU
		{B2DE08BA-4DC7-4387-8CD2-2DB49E96B583}.Release|Any CPU.ActiveCfg = Release|Any CPU
		{B2DE08BA-4DC7-4387-8CD2-2DB49E96B583}.Release|Any CPU.Build.0 = Release|Any CPU
	EndGlobalSection
	GlobalSection(SolutionProperties) = preSolution
		HideSolutionNode = FALSE
	EndGlobalSection
	GlobalSection(ExtensibilityGlobals) = postSolution
		SolutionGuid = {AAD90F89-968B-4289-B7A8-36B6F5EAF827}
	EndGlobalSection
EndGlobal
