
Microsoft Visual Studio Solution File, Format Version 12.00
# Visual Studio 15
VisualStudioVersion = 15.0.28307.960
MinimumVisualStudioVersion = 10.0.40219.1
Project("{FAE04EC0-301F-11D3-BF4B-00C04F79EFBC}") = "_20200416_Klientai", "_20200416_Klientai\_20200416_Klientai.csproj", "{A1B07D4D-003A-49C6-96E7-FD64A6931F2B}"
EndProject
Global
	GlobalSection(SolutionConfigurationPlatforms) = preSolution
		Debug|Any CPU = Debug|Any CPU
		Release|Any CPU = Release|Any CPU
	EndGlobalSection
	GlobalSection(ProjectConfigurationPlatforms) = postSolution
		{A1B07D4D-003A-49C6-96E7-FD64A6931F2B}.Debug|Any CPU.ActiveCfg = Debug|Any CPU
		{A1B07D4D-003A-49C6-96E7-FD64A6931F2B}.Debug|Any CPU.Build.0 = Debug|Any CPU
		{A1B07D4D-003A-49C6-96E7-FD64A6931F2B}.Release|Any CPU.ActiveCfg = Release|Any CPU
		{A1B07D4D-003A-49C6-96E7-FD64A6931F2B}.Release|Any CPU.Build.0 = Release|Any CPU
	EndGlobalSection
	GlobalSection(SolutionProperties) = preSolution
		HideSolutionNode = FALSE
	EndGlobalSection
	GlobalSection(ExtensibilityGlobals) = postSolution
		SolutionGuid = {9DAC5723-490E-4060-97C1-CB3B8CE88A84}
	EndGlobalSection
EndGlobal
