
Microsoft Visual Studio Solution File, Format Version 12.00
# Visual Studio 15
VisualStudioVersion = 15.0.28307.960
MinimumVisualStudioVersion = 10.0.40219.1
Project("{FAE04EC0-301F-11D3-BF4B-00C04F79EFBC}") = "_20200324_if_pirmaUzduotis", "_20200324_if_pirmaUzduotis\_20200324_if_pirmaUzduotis.csproj", "{E7718D19-0223-491F-A623-C61F35D04256}"
EndProject
Global
	GlobalSection(SolutionConfigurationPlatforms) = preSolution
		Debug|Any CPU = Debug|Any CPU
		Release|Any CPU = Release|Any CPU
	EndGlobalSection
	GlobalSection(ProjectConfigurationPlatforms) = postSolution
		{E7718D19-0223-491F-A623-C61F35D04256}.Debug|Any CPU.ActiveCfg = Debug|Any CPU
		{E7718D19-0223-491F-A623-C61F35D04256}.Debug|Any CPU.Build.0 = Debug|Any CPU
		{E7718D19-0223-491F-A623-C61F35D04256}.Release|Any CPU.ActiveCfg = Release|Any CPU
		{E7718D19-0223-491F-A623-C61F35D04256}.Release|Any CPU.Build.0 = Release|Any CPU
	EndGlobalSection
	GlobalSection(SolutionProperties) = preSolution
		HideSolutionNode = FALSE
	EndGlobalSection
	GlobalSection(ExtensibilityGlobals) = postSolution
		SolutionGuid = {6BF05BF1-76D0-4A1B-98B0-3D6005377F20}
	EndGlobalSection
EndGlobal
