
Microsoft Visual Studio Solution File, Format Version 12.00
# Visual Studio Version 16
VisualStudioVersion = 16.0.30011.22
MinimumVisualStudioVersion = 10.0.40219.1
Project("{FAE04EC0-301F-11D3-BF4B-00C04F79EFBC}") = "_20200518_WPF_Formos", "_20200518_WPF_Formos\_20200518_WPF_Formos.csproj", "{9203D343-7148-4B7E-B765-F22E3FC7C042}"
EndProject
Global
	GlobalSection(SolutionConfigurationPlatforms) = preSolution
		Debug|Any CPU = Debug|Any CPU
		Release|Any CPU = Release|Any CPU
	EndGlobalSection
	GlobalSection(ProjectConfigurationPlatforms) = postSolution
		{9203D343-7148-4B7E-B765-F22E3FC7C042}.Debug|Any CPU.ActiveCfg = Debug|Any CPU
		{9203D343-7148-4B7E-B765-F22E3FC7C042}.Debug|Any CPU.Build.0 = Debug|Any CPU
		{9203D343-7148-4B7E-B765-F22E3FC7C042}.Release|Any CPU.ActiveCfg = Release|Any CPU
		{9203D343-7148-4B7E-B765-F22E3FC7C042}.Release|Any CPU.Build.0 = Release|Any CPU
	EndGlobalSection
	GlobalSection(SolutionProperties) = preSolution
		HideSolutionNode = FALSE
	EndGlobalSection
	GlobalSection(ExtensibilityGlobals) = postSolution
		SolutionGuid = {280A2946-E5BD-44FB-A6D4-62088A7F6A68}
	EndGlobalSection
EndGlobal
