
Microsoft Visual Studio Solution File, Format Version 12.00
# Visual Studio Version 16
VisualStudioVersion = 16.0.30011.22
MinimumVisualStudioVersion = 10.0.40219.1
Project("{FAE04EC0-301F-11D3-BF4B-00C04F79EFBC}") = "_20200514_jsonUzklausa", "_20200514_jsonUzklausa\_20200514_jsonUzklausa.csproj", "{6FF9FE57-7EEA-472B-A372-5719DE3F9879}"
EndProject
Global
	GlobalSection(SolutionConfigurationPlatforms) = preSolution
		Debug|Any CPU = Debug|Any CPU
		Release|Any CPU = Release|Any CPU
	EndGlobalSection
	GlobalSection(ProjectConfigurationPlatforms) = postSolution
		{6FF9FE57-7EEA-472B-A372-5719DE3F9879}.Debug|Any CPU.ActiveCfg = Debug|Any CPU
		{6FF9FE57-7EEA-472B-A372-5719DE3F9879}.Debug|Any CPU.Build.0 = Debug|Any CPU
		{6FF9FE57-7EEA-472B-A372-5719DE3F9879}.Release|Any CPU.ActiveCfg = Release|Any CPU
		{6FF9FE57-7EEA-472B-A372-5719DE3F9879}.Release|Any CPU.Build.0 = Release|Any CPU
	EndGlobalSection
	GlobalSection(SolutionProperties) = preSolution
		HideSolutionNode = FALSE
	EndGlobalSection
	GlobalSection(ExtensibilityGlobals) = postSolution
		SolutionGuid = {1A70FA32-ACC3-402F-883F-4FE154CE51D8}
	EndGlobalSection
EndGlobal
